PODS:
  - RxCocoa (6.2.0):
    - RxRelay (= 6.2.0)
    - RxSwift (= 6.2.0)
  - RxRelay (6.2.0):
    - RxSwift (= 6.2.0)
  - RxSwift (6.2.0)
  - SnapKit (4.2.0)
  - UnitField (0.3.4):
    - UnitField/Core (= 0.3.4)
  - UnitField/Core (0.3.4):
    - SnapKit (~> 4.2.0)
  - UnitField/Rx (0.3.4):
    - RxCocoa
    - RxSwift
    - UnitField/Core

DEPENDENCIES:
  - RxCocoa
  - RxSwift
  - SnapKit (~> 4.2.0)
  - UnitField (from `../`)
  - UnitField/Rx (from `../`)

SPEC REPOS:
  trunk:
    - RxCocoa
    - RxRelay
    - RxSwift
    - SnapKit

EXTERNAL SOURCES:
  UnitField:
    :path: "../"

SPEC CHECKSUMS:
  RxCocoa: 4baf94bb35f2c0ab31bc0cb9f1900155f646ba42
  RxRelay: e72dbfd157807478401ef1982e1c61c945c94b2f
  RxSwift: d356ab7bee873611322f134c5f9ef379fa183d8f
  SnapKit: fe8a619752f3f27075cc9a90244d75c6c3f27e2a
  UnitField: b70049af066cc41f3a676b40f13c6b5676bac22c

PODFILE CHECKSUM: 0e1b37c9214160745d47bfd337deef314940d8d1

COCOAPODS: 1.10.2
